
Microsoft Visual Studio Solution File, Format Version 12.00
# Visual Studio Version 17
VisualStudioVersion = 17.1.32210.238
MinimumVisualStudioVersion = 10.0.40219.1
Project("{FAE04EC0-301F-11D3-BF4B-00C04F79EFBC}") = "ImportPlaylist.Server", "ImportPlaylist\Server\ImportPlaylist.Server.csproj", "{841B5178-0713-48F0-8E88-5532C6731B1A}"
EndProject
Project("{FAE04EC0-301F-11D3-BF4B-00C04F79EFBC}") = "ImportPlaylist.Client", "ImportPlaylist\Client\ImportPlaylist.Client.csproj", "{9BB1ACE4-3004-465D-AE1E-3E4A167D2648}"
EndProject
Project("{FAE04EC0-301F-11D3-BF4B-00C04F79EFBC}") = "ImportPlaylist.Shared", "ImportPlaylist\Shared\ImportPlaylist.Shared.csproj", "{4EF25DEB-D48D-4227-BA4F-802FC938B6C7}"
EndProject
Global
	GlobalSection(SolutionConfigurationPlatforms) = preSolution
		Debug|Any CPU = Debug|Any CPU
		Release|Any CPU = Release|Any CPU
	EndGlobalSection
	GlobalSection(ProjectConfigurationPlatforms) = postSolution
		{841B5178-0713-48F0-8E88-5532C6731B1A}.Debug|Any CPU.ActiveCfg = Debug|Any CPU
		{841B5178-0713-48F0-8E88-5532C6731B1A}.Debug|Any CPU.Build.0 = Debug|Any CPU
		{841B5178-0713-48F0-8E88-5532C6731B1A}.Release|Any CPU.ActiveCfg = Release|Any CPU
		{841B5178-0713-48F0-8E88-5532C6731B1A}.Release|Any CPU.Build.0 = Release|Any CPU
		{9BB1ACE4-3004-465D-AE1E-3E4A167D2648}.Debug|Any CPU.ActiveCfg = Debug|Any CPU
		{9BB1ACE4-3004-465D-AE1E-3E4A167D2648}.Debug|Any CPU.Build.0 = Debug|Any CPU
		{9BB1ACE4-3004-465D-AE1E-3E4A167D2648}.Release|Any CPU.ActiveCfg = Release|Any CPU
		{9BB1ACE4-3004-465D-AE1E-3E4A167D2648}.Release|Any CPU.Build.0 = Release|Any CPU
		{4EF25DEB-D48D-4227-BA4F-802FC938B6C7}.Debug|Any CPU.ActiveCfg = Debug|Any CPU
		{4EF25DEB-D48D-4227-BA4F-802FC938B6C7}.Debug|Any CPU.Build.0 = Debug|Any CPU
		{4EF25DEB-D48D-4227-BA4F-802FC938B6C7}.Release|Any CPU.ActiveCfg = Release|Any CPU
		{4EF25DEB-D48D-4227-BA4F-802FC938B6C7}.Release|Any CPU.Build.0 = Release|Any CPU
	EndGlobalSection
	GlobalSection(SolutionProperties) = preSolution
		HideSolutionNode = FALSE
	EndGlobalSection
	GlobalSection(ExtensibilityGlobals) = postSolution
		SolutionGuid = {A787DE98-A5E1-4444-9092-B2E810AFC432}
	EndGlobalSection
EndGlobal
